
Microsoft Visual Studio Solution File, Format Version 12.00
# Visual Studio Version 17
VisualStudioVersion = 17.11.35312.102
MinimumVisualStudioVersion = 10.0.40219.1
Project("{FAE04EC0-301F-11D3-BF4B-00C04F79EFBC}") = "Backend", "Backend\Backend.csproj", "{EC673F6B-35B7-4E18-AD00-47288D95832B}"
EndProject
Global
	GlobalSection(SolutionConfigurationPlatforms) = preSolution
		Debug|Any CPU = Debug|Any CPU
		Release|Any CPU = Release|Any CPU
	EndGlobalSection
	GlobalSection(ProjectConfigurationPlatforms) = postSolution
		{EC673F6B-35B7-4E18-AD00-47288D95832B}.Debug|Any CPU.ActiveCfg = Debug|Any CPU
		{EC673F6B-35B7-4E18-AD00-47288D95832B}.Debug|Any CPU.Build.0 = Debug|Any CPU
		{EC673F6B-35B7-4E18-AD00-47288D95832B}.Release|Any CPU.ActiveCfg = Release|Any CPU
		{EC673F6B-35B7-4E18-AD00-47288D95832B}.Release|Any CPU.Build.0 = Release|Any CPU
	EndGlobalSection
	GlobalSection(SolutionProperties) = preSolution
		HideSolutionNode = FALSE
	EndGlobalSection
	GlobalSection(ExtensibilityGlobals) = postSolution
		SolutionGuid = {64DEAB16-2CD2-4600-972C-682E316EEBE4}
	EndGlobalSection
EndGlobal
